{
  "originHash" : "886952aadae0c57fa31159bdcde8090a2c4529a515d48760ca9f6532f0664120",
  "pins" : [
    {
      "identity" : "dsstore",
      "kind" : "remoteSourceControl",
      "location" : "https://github.com/sindresorhus/DSStore",
      "state" : {
        "revision" : "6dc395837c3dc371f9c3e71794fab719db74c17a",
        "version" : "1.0.0"
      }
    }
  ],
  "version" : 3
}
